
Microsoft Visual Studio Solution File, Format Version 12.00
# Visual Studio Version 16
VisualStudioVersion = 16.0.31019.35
MinimumVisualStudioVersion = 10.0.40219.1
Project("{FAE04EC0-301F-11D3-BF4B-00C04F79EFBC}") = "GrpcServer", "GrpcServer\GrpcServer.csproj", "{D78EBF32-F7D6-44A3-A9BD-FCFF42FD525B}"
EndProject
Project("{FAE04EC0-301F-11D3-BF4B-00C04F79EFBC}") = "GrpcClient", "GrpcClient\GrpcClient.csproj", "{2DB4BCE3-91E2-4097-B82B-E23D0088857C}"
EndProject
Global
	GlobalSection(SolutionConfigurationPlatforms) = preSolution
		Debug|Any CPU = Debug|Any CPU
		Release|Any CPU = Release|Any CPU
	EndGlobalSection
	GlobalSection(ProjectConfigurationPlatforms) = postSolution
		{D78EBF32-F7D6-44A3-A9BD-FCFF42FD525B}.Debug|Any CPU.ActiveCfg = Debug|Any CPU
		{D78EBF32-F7D6-44A3-A9BD-FCFF42FD525B}.Debug|Any CPU.Build.0 = Debug|Any CPU
		{D78EBF32-F7D6-44A3-A9BD-FCFF42FD525B}.Release|Any CPU.ActiveCfg = Release|Any CPU
		{D78EBF32-F7D6-44A3-A9BD-FCFF42FD525B}.Release|Any CPU.Build.0 = Release|Any CPU
		{2DB4BCE3-91E2-4097-B82B-E23D0088857C}.Debug|Any CPU.ActiveCfg = Debug|Any CPU
		{2DB4BCE3-91E2-4097-B82B-E23D0088857C}.Debug|Any CPU.Build.0 = Debug|Any CPU
		{2DB4BCE3-91E2-4097-B82B-E23D0088857C}.Release|Any CPU.ActiveCfg = Release|Any CPU
		{2DB4BCE3-91E2-4097-B82B-E23D0088857C}.Release|Any CPU.Build.0 = Release|Any CPU
	EndGlobalSection
	GlobalSection(SolutionProperties) = preSolution
		HideSolutionNode = FALSE
	EndGlobalSection
	GlobalSection(ExtensibilityGlobals) = postSolution
		SolutionGuid = {AB1F6F6D-D2FF-4463-89E9-3FA79F75906B}
	EndGlobalSection
EndGlobal
